
Microsoft Visual Studio Solution File, Format Version 12.00
Project("{FAE04EC0-301F-11D3-BF4B-00C04F79EFBC}") = "Prompthing.Core", "Prompthing.Core\Prompthing.Core.csproj", "{3F63DBBC-FF65-4E77-9FAA-81E10F0748C1}"
EndProject
Project("{FAE04EC0-301F-11D3-BF4B-00C04F79EFBC}") = "Prompthing.Startup", "Prompthing.Startup\Prompthing.Startup.csproj", "{9086879C-3C0B-44B4-A7F3-7BB979213DC6}"
EndProject
Project("{FAE04EC0-301F-11D3-BF4B-00C04F79EFBC}") = "SonScript.Core", "Plugins\SonScript\SonScript.Core\SonScript.Core.csproj", "{55A32296-40F8-48D3-98F3-65298BF28C19}"
EndProject
Global
	GlobalSection(SolutionConfigurationPlatforms) = preSolution
		Debug|Any CPU = Debug|Any CPU
		Release|Any CPU = Release|Any CPU
	EndGlobalSection
	GlobalSection(ProjectConfigurationPlatforms) = postSolution
		{3F63DBBC-FF65-4E77-9FAA-81E10F0748C1}.Debug|Any CPU.ActiveCfg = Debug|Any CPU
		{3F63DBBC-FF65-4E77-9FAA-81E10F0748C1}.Debug|Any CPU.Build.0 = Debug|Any CPU
		{3F63DBBC-FF65-4E77-9FAA-81E10F0748C1}.Release|Any CPU.ActiveCfg = Release|Any CPU
		{3F63DBBC-FF65-4E77-9FAA-81E10F0748C1}.Release|Any CPU.Build.0 = Release|Any CPU
		{9086879C-3C0B-44B4-A7F3-7BB979213DC6}.Debug|Any CPU.ActiveCfg = Debug|Any CPU
		{9086879C-3C0B-44B4-A7F3-7BB979213DC6}.Debug|Any CPU.Build.0 = Debug|Any CPU
		{9086879C-3C0B-44B4-A7F3-7BB979213DC6}.Release|Any CPU.ActiveCfg = Release|Any CPU
		{9086879C-3C0B-44B4-A7F3-7BB979213DC6}.Release|Any CPU.Build.0 = Release|Any CPU
		{55A32296-40F8-48D3-98F3-65298BF28C19}.Debug|Any CPU.ActiveCfg = Debug|Any CPU
		{55A32296-40F8-48D3-98F3-65298BF28C19}.Debug|Any CPU.Build.0 = Debug|Any CPU
		{55A32296-40F8-48D3-98F3-65298BF28C19}.Release|Any CPU.ActiveCfg = Release|Any CPU
		{55A32296-40F8-48D3-98F3-65298BF28C19}.Release|Any CPU.Build.0 = Release|Any CPU
	EndGlobalSection
EndGlobal
